github.com/queone/governa-color v0.1.2 h1:6dYRRCRcyUKtP1aeAupaJ4J7cqMX8PAqGVzYnR8ztVY=
github.com/queone/governa-color v0.1.2/go.mod h1:hQRFFa1Ko11gJl8iUe2EzFG75cfWBCSSb+aoTUAy9UY=
github.com/queone/governa-reltool v0.1.0 h1:BrbPlLfbL4Tpq/aw4iNF6wilnEgYW5HFcccLP0nn0XM=
github.com/queone/governa-reltool v0.1.0/go.mod h1:ArIs5nhKRcUPeY3ag+87vfdOYGw7SA+mDUAVOb7olw4=
