github.com/queone/governa-buildtool v1.0.1 h1:ZBgIpjyL5+Lw6TUGHfyFA/dv8616hxqsS/NLw7WmyeU=
github.com/queone/governa-buildtool v1.0.1/go.mod h1:KpZQSXLsIz2TBVjN9MNXs1mzgHacZJc5+N8qsg2+XcY=
github.com/queone/governa-color v1.0.1 h1:lZwKfLjVBjcywVRmAVsGAKTv5HIY/P+fEjORHzGKczM=
github.com/queone/governa-color v1.0.1/go.mod h1:hQRFFa1Ko11gJl8iUe2EzFG75cfWBCSSb+aoTUAy9UY=
github.com/queone/governa-reltool v1.0.1 h1:Hd5iybQ541sJqOYnRkJznnzCUgoaJPim7Qu/gcaXlq0=
github.com/queone/governa-reltool v1.0.1/go.mod h1:njI8U7RLV+jmLClGtOgkxZ4ixOtE8/pQE/IHJGn2U0I=
