github.com/queone/governa-buildtool v1.1.3 h1:JXApPcwnkHVi3ewG52ykY1/cNQHY3CBAbSQGzuIPOUk=
github.com/queone/governa-buildtool v1.1.3/go.mod h1:wwQCNyfHytjUFOjjrrgbIxdOLXMcTJkbaB3jcxDuudo=
github.com/queone/governa-color v1.4.1 h1:ny9W2lpBdxhnTDOoOy8+GbfSQ+sITPDd2lK+g10Ot6U=
github.com/queone/governa-color v1.4.1/go.mod h1:NQFmFNm6FJDo5bD+Zi314ayYTZ5e1gMVSSwS+BUsayA=
github.com/queone/governa-reltool v1.2.2 h1:IObOWvSPEJMFms+wLea5EH59b8ta0zy0YsRIsQvbRTI=
github.com/queone/governa-reltool v1.2.2/go.mod h1:DyxFBnuSvbCMbmdtU23Pd7xGDweHwb1yRh663rb4/zo=
